github.com/brianvoe/gofakeit v3.17.0+incompatible h1:C1+30+c0GtjgGDtRC+iePZeP1WMiwsWCELNJhmc7aIc=
github.com/brianvoe/gofakeit v3.17.0+incompatible/go.mod h1:kfwdRA90vvNhPutZWfH7WPaDzUjz+CZFqG+rPkOjGOc=
github.com/gedex/inflector v0.0.0-20170307190818-16278e9db813 h1:Uc+IZ7gYqAf/rSGFplbWBSHaGolEQlNLgMgSE3ccnIQ=
github.com/gedex/inflector v0.0.0-20170307190818-16278e9db813/go.mod h1:P+oSoE9yhSRvsmYyZsshflcR6ePWYLql6UU1amW13IM=
github.com/herenow/go-crate v0.0.0-20180503224534-55fcd153f4b6 h1:dFRILHzB9FcMTkqg5zsOXzk7QB83bWawAg8FWcF33cQ=
github.com/herenow/go-crate v0.0.0-20180503224534-55fcd153f4b6/go.mod h1:gOwMnP1ahomuqS3xIzrYZ/lmEIpxSilOsnhoSA9iudA=
